
Microsoft Visual Studio Solution File, Format Version 12.00
# Visual Studio Version 17
VisualStudioVersion = 17.10.34928.147
MinimumVisualStudioVersion = 10.0.40219.1
Project("{FAE04EC0-301F-11D3-BF4B-00C04F79EFBC}") = "C#learning", "C#learning\C#learning.csproj", "{ECB126E8-4996-44F6-BBA9-DE19D767F4CB}"
EndProject
Global
	GlobalSection(SolutionConfigurationPlatforms) = preSolution
		Debug|Any CPU = Debug|Any CPU
		Release|Any CPU = Release|Any CPU
	EndGlobalSection
	GlobalSection(ProjectConfigurationPlatforms) = postSolution
		{ECB126E8-4996-44F6-BBA9-DE19D767F4CB}.Debug|Any CPU.ActiveCfg = Debug|Any CPU
		{ECB126E8-4996-44F6-BBA9-DE19D767F4CB}.Debug|Any CPU.Build.0 = Debug|Any CPU
		{ECB126E8-4996-44F6-BBA9-DE19D767F4CB}.Release|Any CPU.ActiveCfg = Release|Any CPU
		{ECB126E8-4996-44F6-BBA9-DE19D767F4CB}.Release|Any CPU.Build.0 = Release|Any CPU
	EndGlobalSection
	GlobalSection(SolutionProperties) = preSolution
		HideSolutionNode = FALSE
	EndGlobalSection
	GlobalSection(ExtensibilityGlobals) = postSolution
		SolutionGuid = {7D446A90-66B9-4E1D-A047-E125D0C0FF58}
	EndGlobalSection
EndGlobal
